// !$*UTF8*$!
{
	archiveVersion = 1;
	classes = {
	};
	objectVersion = 56;
	objects = {

/* Begin PBXBuildFile section */
		8924AC8F2AA739B0008BC466 /* Website.swift in Sources */ = {isa = PBXBuildFile; fileRef = 8924AC8E2AA739B0008BC466 /* Website.swift */; };
		8924AC912AA739C2008BC466 /* WebsiteList.swift in Sources */ = {isa = PBXBuildFile; fileRef = 8924AC902AA739C2008BC466 /* WebsiteList.swift */; };
		8924AC932AA739EB008BC466 /* WebsiteViewModel.swift in Sources */ = {isa = PBXBuildFile; fileRef = 8924AC922AA739EB008BC466 /* WebsiteViewModel.swift */; };
		892B78752A49BC990050FA50 /* AppDelegate.swift in Sources */ = {isa = PBXBuildFile; fileRef = 892B78742A49BC990050FA50 /* AppDelegate.swift */; };
		892B78772A49BC990050FA50 /* SceneDelegate.swift in Sources */ = {isa = PBXBuildFile; fileRef = 892B78762A49BC990050FA50 /* SceneDelegate.swift */; };
		892B78792A49BC990050FA50 /* WebsiteViewController.swift in Sources */ = {isa = PBXBuildFile; fileRef = 892B78782A49BC990050FA50 /* WebsiteViewController.swift */; };
		892B787E2A49BC9B0050FA50 /* Assets.xcassets in Resources */ = {isa = PBXBuildFile; fileRef = 892B787D2A49BC9B0050FA50 /* Assets.xcassets */; };
		892B78812A49BC9B0050FA50 /* LaunchScreen.storyboard in Resources */ = {isa = PBXBuildFile; fileRef = 892B787F2A49BC9B0050FA50 /* LaunchScreen.storyboard */; };
		897EB0742A4CB5C10078B0D2 /* Websites.json in Resources */ = {isa = PBXBuildFile; fileRef = 897EB0732A4CB5C10078B0D2 /* Websites.json */; };
		897EB0782A4CB67C0078B0D2 /* HomeTableViewController.swift in Sources */ = {isa = PBXBuildFile; fileRef = 897EB0772A4CB67C0078B0D2 /* HomeTableViewController.swift */; };
		89AD40132AAF46ED00DA4F1B /* HomeTableViewViewModel.swift in Sources */ = {isa = PBXBuildFile; fileRef = 89AD40122AAF46ED00DA4F1B /* HomeTableViewViewModel.swift */; };
/* End PBXBuildFile section */

/* Begin PBXFileReference section */
		8924AC8E2AA739B0008BC466 /* Website.swift */ = {isa = PBXFileReference; lastKnownFileType = sourcecode.swift; path = Website.swift; sourceTree = "<group>"; };
		8924AC902AA739C2008BC466 /* WebsiteList.swift */ = {isa = PBXFileReference; lastKnownFileType = sourcecode.swift; path = WebsiteList.swift; sourceTree = "<group>"; };
		8924AC922AA739EB008BC466 /* WebsiteViewModel.swift */ = {isa = PBXFileReference; lastKnownFileType = sourcecode.swift; path = WebsiteViewModel.swift; sourceTree = "<group>"; };
		892B78712A49BC990050FA50 /* Easy Browser.app */ = {isa = PBXFileReference; explicitFileType = wrapper.application; includeInIndex = 0; path = "Easy Browser.app"; sourceTree = BUILT_PRODUCTS_DIR; };
		892B78742A49BC990050FA50 /* AppDelegate.swift */ = {isa = PBXFileReference; lastKnownFileType = sourcecode.swift; path = AppDelegate.swift; sourceTree = "<group>"; };
		892B78762A49BC990050FA50 /* SceneDelegate.swift */ = {isa = PBXFileReference; lastKnownFileType = sourcecode.swift; path = SceneDelegate.swift; sourceTree = "<group>"; };
		892B78782A49BC990050FA50 /* WebsiteViewController.swift */ = {isa = PBXFileReference; lastKnownFileType = sourcecode.swift; path = WebsiteViewController.swift; sourceTree = "<group>"; };
		892B787D2A49BC9B0050FA50 /* Assets.xcassets */ = {isa = PBXFileReference; lastKnownFileType = folder.assetcatalog; path = Assets.xcassets; sourceTree = "<group>"; };
		892B78802A49BC9B0050FA50 /* Base */ = {isa = PBXFileReference; lastKnownFileType = file.storyboard; name = Base; path = Base.lproj/LaunchScreen.storyboard; sourceTree = "<group>"; };
		892B78822A49BC9B0050FA50 /* Info.plist */ = {isa = PBXFileReference; lastKnownFileType = text.plist.xml; path = Info.plist; sourceTree = "<group>"; };
		897EB0732A4CB5C10078B0D2 /* Websites.json */ = {isa = PBXFileReference; lastKnownFileType = text.json; path = Websites.json; sourceTree = "<group>"; };
		897EB0772A4CB67C0078B0D2 /* HomeTableViewController.swift */ = {isa = PBXFileReference; lastKnownFileType = sourcecode.swift; path = HomeTableViewController.swift; sourceTree = "<group>"; };
		89AD40122AAF46ED00DA4F1B /* HomeTableViewViewModel.swift */ = {isa = PBXFileReference; lastKnownFileType = sourcecode.swift; path = HomeTableViewViewModel.swift; sourceTree = "<group>"; };
/* End PBXFileReference section */

/* Begin PBXFrameworksBuildPhase section */
		892B786E2A49BC990050FA50 /* Frameworks */ = {
			isa = PBXFrameworksBuildPhase;
			buildActionMask = 2147483647;
			files = (
			);
			runOnlyForDeploymentPostprocessing = 0;
		};
/* End PBXFrameworksBuildPhase section */

/* Begin PBXGroup section */
		8924AC892AA72C79008BC466 /* Resources */ = {
			isa = PBXGroup;
			children = (
				897EB0732A4CB5C10078B0D2 /* Websites.json */,
			);
			path = Resources;
			sourceTree = "<group>";
		};
		8924AC8A2AA738BA008BC466 /* Scene */ = {
			isa = PBXGroup;
			children = (
				8924AC8C2AA738D9008BC466 /* Home */,
				8924AC8D2AA73931008BC466 /* Website */,
			);
			path = Scene;
			sourceTree = "<group>";
		};
		8924AC8B2AA738BE008BC466 /* Model */ = {
			isa = PBXGroup;
			children = (
				8924AC8E2AA739B0008BC466 /* Website.swift */,
				8924AC902AA739C2008BC466 /* WebsiteList.swift */,
			);
			path = Model;
			sourceTree = "<group>";
		};
		8924AC8C2AA738D9008BC466 /* Home */ = {
			isa = PBXGroup;
			children = (
				897EB0772A4CB67C0078B0D2 /* HomeTableViewController.swift */,
				89AD40122AAF46ED00DA4F1B /* HomeTableViewViewModel.swift */,
			);
			path = Home;
			sourceTree = "<group>";
		};
		8924AC8D2AA73931008BC466 /* Website */ = {
			isa = PBXGroup;
			children = (
				892B78782A49BC990050FA50 /* WebsiteViewController.swift */,
				8924AC922AA739EB008BC466 /* WebsiteViewModel.swift */,
			);
			path = Website;
			sourceTree = "<group>";
		};
		892B78682A49BC990050FA50 = {
			isa = PBXGroup;
			children = (
				892B78732A49BC990050FA50 /* Easy Browser */,
				892B78722A49BC990050FA50 /* Products */,
			);
			sourceTree = "<group>";
		};
		892B78722A49BC990050FA50 /* Products */ = {
			isa = PBXGroup;
			children = (
				892B78712A49BC990050FA50 /* Easy Browser.app */,
			);
			name = Products;
			sourceTree = "<group>";
		};
		892B78732A49BC990050FA50 /* Easy Browser */ = {
			isa = PBXGroup;
			children = (
				89D95EBE2A4F3AA700BAB9D7 /* Sources */,
				8924AC892AA72C79008BC466 /* Resources */,
				892B78742A49BC990050FA50 /* AppDelegate.swift */,
				892B78762A49BC990050FA50 /* SceneDelegate.swift */,
				892B787D2A49BC9B0050FA50 /* Assets.xcassets */,
				892B787F2A49BC9B0050FA50 /* LaunchScreen.storyboard */,
				892B78822A49BC9B0050FA50 /* Info.plist */,
			);
			path = "Easy Browser";
			sourceTree = "<group>";
		};
		89D95EBE2A4F3AA700BAB9D7 /* Sources */ = {
			isa = PBXGroup;
			children = (
				8924AC8A2AA738BA008BC466 /* Scene */,
				8924AC8B2AA738BE008BC466 /* Model */,
			);
			path = Sources;
			sourceTree = "<group>";
		};
/* End PBXGroup section */

/* Begin PBXNativeTarget section */
		892B78702A49BC990050FA50 /* Easy Browser */ = {
			isa = PBXNativeTarget;
			buildConfigurationList = 892B78852A49BC9B0050FA50 /* Build configuration list for PBXNativeTarget "Easy Browser" */;
			buildPhases = (
				892B786D2A49BC990050FA50 /* Sources */,
				892B786E2A49BC990050FA50 /* Frameworks */,
				892B786F2A49BC990050FA50 /* Resources */,
			);
			buildRules = (
			);
			dependencies = (
			);
			name = "Easy Browser";
			productName = "Easy Browser";
			productReference = 892B78712A49BC990050FA50 /* Easy Browser.app */;
			productType = "com.apple.product-type.application";
		};
/* End PBXNativeTarget section */

/* Begin PBXProject section */
		892B78692A49BC990050FA50 /* Project object */ = {
			isa = PBXProject;
			attributes = {
				BuildIndependentTargetsInParallel = 1;
				LastSwiftUpdateCheck = 1430;
				LastUpgradeCheck = 1430;
				TargetAttributes = {
					892B78702A49BC990050FA50 = {
						CreatedOnToolsVersion = 14.3;
					};
				};
			};
			buildConfigurationList = 892B786C2A49BC990050FA50 /* Build configuration list for PBXProject "Easy Browser" */;
			compatibilityVersion = "Xcode 14.0";
			developmentRegion = en;
			hasScannedForEncodings = 0;
			knownRegions = (
				en,
				Base,
			);
			mainGroup = 892B78682A49BC990050FA50;
			packageReferences = (
			);
			productRefGroup = 892B78722A49BC990050FA50 /* Products */;
			projectDirPath = "";
			projectRoot = "";
			targets = (
				892B78702A49BC990050FA50 /* Easy Browser */,
			);
		};
/* End PBXProject section */

/* Begin PBXResourcesBuildPhase section */
		892B786F2A49BC990050FA50 /* Resources */ = {
			isa = PBXResourcesBuildPhase;
			buildActionMask = 2147483647;
			files = (
				892B78812A49BC9B0050FA50 /* LaunchScreen.storyboard in Resources */,
				892B787E2A49BC9B0050FA50 /* Assets.xcassets in Resources */,
				897EB0742A4CB5C10078B0D2 /* Websites.json in Resources */,
			);
			runOnlyForDeploymentPostprocessing = 0;
		};
/* End PBXResourcesBuildPhase section */

/* Begin PBXSourcesBuildPhase section */
		892B786D2A49BC990050FA50 /* Sources */ = {
			isa = PBXSourcesBuildPhase;
			buildActionMask = 2147483647;
			files = (
				8924AC8F2AA739B0008BC466 /* Website.swift in Sources */,
				892B78792A49BC990050FA50 /* WebsiteViewController.swift in Sources */,
				892B78752A49BC990050FA50 /* AppDelegate.swift in Sources */,
				8924AC932AA739EB008BC466 /* WebsiteViewModel.swift in Sources */,
				8924AC912AA739C2008BC466 /* WebsiteList.swift in Sources */,
				892B78772A49BC990050FA50 /* SceneDelegate.swift in Sources */,
				897EB0782A4CB67C0078B0D2 /* HomeTableViewController.swift in Sources */,
				89AD40132AAF46ED00DA4F1B /* HomeTableViewViewModel.swift in Sources */,
			);
			runOnlyForDeploymentPostprocessing = 0;
		};
/* End PBXSourcesBuildPhase section */

/* Begin PBXVariantGroup section */
		892B787F2A49BC9B0050FA50 /* LaunchScreen.storyboard */ = {
			isa = PBXVariantGroup;
			children = (
				892B78802A49BC9B0050FA50 /* Base */,
			);
			name = LaunchScreen.storyboard;
			sourceTree = "<group>";
		};
/* End PBXVariantGroup section */

/* Begin XCBuildConfiguration section */
		892B78832A49BC9B0050FA50 /* Debug */ = {
			isa = XCBuildConfiguration;
			buildSettings = {
				ALWAYS_SEARCH_USER_PATHS = NO;
				CLANG_ANALYZER_NONNULL = YES;
				CLANG_ANALYZER_NUMBER_OBJECT_CONVERSION = YES_AGGRESSIVE;
				CLANG_CXX_LANGUAGE_STANDARD = "gnu++20";
				CLANG_ENABLE_MODULES = YES;
				CLANG_ENABLE_OBJC_ARC = YES;
				CLANG_ENABLE_OBJC_WEAK = YES;
				CLANG_WARN_BLOCK_CAPTURE_AUTORELEASING = YES;
				CLANG_WARN_BOOL_CONVERSION = YES;
				CLANG_WARN_COMMA = YES;
				CLANG_WARN_CONSTANT_CONVERSION = YES;
				CLANG_WARN_DEPRECATED_OBJC_IMPLEMENTATIONS = YES;
				CLANG_WARN_DIRECT_OBJC_ISA_USAGE = YES_ERROR;
				CLANG_WARN_DOCUMENTATION_COMMENTS = YES;
				CLANG_WARN_EMPTY_BODY = YES;
				CLANG_WARN_ENUM_CONVERSION = YES;
				CLANG_WARN_INFINITE_RECURSION = YES;
				CLANG_WARN_INT_CONVERSION = YES;
				CLANG_WARN_NON_LITERAL_NULL_CONVERSION = YES;
				CLANG_WARN_OBJC_IMPLICIT_RETAIN_SELF = YES;
				CLANG_WARN_OBJC_LITERAL_CONVERSION = YES;
				CLANG_WARN_OBJC_ROOT_CLASS = YES_ERROR;
				CLANG_WARN_QUOTED_INCLUDE_IN_FRAMEWORK_HEADER = YES;
				CLANG_WARN_RANGE_LOOP_ANALYSIS = YES;
				CLANG_WARN_STRICT_PROTOTYPES = YES;
				CLANG_WARN_SUSPICIOUS_MOVE = YES;
				CLANG_WARN_UNGUARDED_AVAILABILITY = YES_AGGRESSIVE;
				CLANG_WARN_UNREACHABLE_CODE = YES;
				CLANG_WARN__DUPLICATE_METHOD_MATCH = YES;
				COPY_PHASE_STRIP = NO;
				DEBUG_INFORMATION_FORMAT = dwarf;
				ENABLE_STRICT_OBJC_MSGSEND = YES;
				ENABLE_TESTABILITY = YES;
				GCC_C_LANGUAGE_STANDARD = gnu11;
				GCC_DYNAMIC_NO_PIC = NO;
				GCC_NO_COMMON_BLOCKS = YES;
				GCC_OPTIMIZATION_LEVEL = 0;
				GCC_PREPROCESSOR_DEFINITIONS = (
					"DEBUG=1",
					"$(inherited)",
				);
				GCC_WARN_64_TO_32_BIT_CONVERSION = YES;
				GCC_WARN_ABOUT_RETURN_TYPE = YES_ERROR;
				GCC_WARN_UNDECLARED_SELECTOR = YES;
				GCC_WARN_UNINITIALIZED_AUTOS = YES_AGGRESSIVE;
				GCC_WARN_UNUSED_FUNCTION = YES;
				GCC_WARN_UNUSED_VARIABLE = YES;
				IPHONEOS_DEPLOYMENT_TARGET = 16.4;
				MTL_ENABLE_DEBUG_INFO = INCLUDE_SOURCE;
				MTL_FAST_MATH = YES;
				ONLY_ACTIVE_ARCH = YES;
				SDKROOT = iphoneos;
				SWIFT_ACTIVE_COMPILATION_CONDITIONS = DEBUG;
				SWIFT_OPTIMIZATION_LEVEL = "-Onone";
			};
			name = Debug;
		};
		892B78842A49BC9B0050FA50 /* Release */ = {
			isa = XCBuildConfiguration;
			buildSettings = {
				ALWAYS_SEARCH_USER_PATHS = NO;
				CLANG_ANALYZER_NONNULL = YES;
				CLANG_ANALYZER_NUMBER_OBJECT_CONVERSION = YES_AGGRESSIVE;
				CLANG_CXX_LANGUAGE_STANDARD = "gnu++20";
				CLANG_ENABLE_MODULES = YES;
				CLANG_ENABLE_OBJC_ARC = YES;
				CLANG_ENABLE_OBJC_WEAK = YES;
				CLANG_WARN_BLOCK_CAPTURE_AUTORELEASING = YES;
				CLANG_WARN_BOOL_CONVERSION = YES;
				CLANG_WARN_COMMA = YES;
				CLANG_WARN_CONSTANT_CONVERSION = YES;
				CLANG_WARN_DEPRECATED_OBJC_IMPLEMENTATIONS = YES;
				CLANG_WARN_DIRECT_OBJC_ISA_USAGE = YES_ERROR;
				CLANG_WARN_DOCUMENTATION_COMMENTS = YES;
				CLANG_WARN_EMPTY_BODY = YES;
				CLANG_WARN_ENUM_CONVERSION = YES;
				CLANG_WARN_INFINITE_RECURSION = YES;
				CLANG_WARN_INT_CONVERSION = YES;
				CLANG_WARN_NON_LITERAL_NULL_CONVERSION = YES;
				CLANG_WARN_OBJC_IMPLICIT_RETAIN_SELF = YES;
				CLANG_WARN_OBJC_LITERAL_CONVERSION = YES;
				CLANG_WARN_OBJC_ROOT_CLASS = YES_ERROR;
				CLANG_WARN_QUOTED_INCLUDE_IN_FRAMEWORK_HEADER = YES;
				CLANG_WARN_RANGE_LOOP_ANALYSIS = YES;
				CLANG_WARN_STRICT_PROTOTYPES = YES;
				CLANG_WARN_SUSPICIOUS_MOVE = YES;
				CLANG_WARN_UNGUARDED_AVAILABILITY = YES_AGGRESSIVE;
				CLANG_WARN_UNREACHABLE_CODE = YES;
				CLANG_WARN__DUPLICATE_METHOD_MATCH = YES;
				COPY_PHASE_STRIP = NO;
				DEBUG_INFORMATION_FORMAT = "dwarf-with-dsym";
				ENABLE_NS_ASSERTIONS = NO;
				ENABLE_STRICT_OBJC_MSGSEND = YES;
				GCC_C_LANGUAGE_STANDARD = gnu11;
				GCC_NO_COMMON_BLOCKS = YES;
				GCC_WARN_64_TO_32_BIT_CONVERSION = YES;
				GCC_WARN_ABOUT_RETURN_TYPE = YES_ERROR;
				GCC_WARN_UNDECLARED_SELECTOR = YES;
				GCC_WARN_UNINITIALIZED_AUTOS = YES_AGGRESSIVE;
				GCC_WARN_UNUSED_FUNCTION = YES;
				GCC_WARN_UNUSED_VARIABLE = YES;
				IPHONEOS_DEPLOYMENT_TARGET = 16.4;
				MTL_ENABLE_DEBUG_INFO = NO;
				MTL_FAST_MATH = YES;
				SDKROOT = iphoneos;
				SWIFT_COMPILATION_MODE = wholemodule;
				SWIFT_OPTIMIZATION_LEVEL = "-O";
				VALIDATE_PRODUCT = YES;
			};
			name = Release;
		};
		892B78862A49BC9B0050FA50 /* Debug */ = {
			isa = XCBuildConfiguration;
			buildSettings = {
				ASSETCATALOG_COMPILER_APPICON_NAME = AppIcon;
				ASSETCATALOG_COMPILER_GLOBAL_ACCENT_COLOR_NAME = AccentColor;
				CODE_SIGN_STYLE = Automatic;
				CURRENT_PROJECT_VERSION = 1;
				GENERATE_INFOPLIST_FILE = YES;
				INFOPLIST_FILE = "Easy Browser/Info.plist";
				INFOPLIST_KEY_UIApplicationSupportsIndirectInputEvents = YES;
				INFOPLIST_KEY_UILaunchStoryboardName = LaunchScreen;
				INFOPLIST_KEY_UISupportedInterfaceOrientations_iPad = "UIInterfaceOrientationPortrait UIInterfaceOrientationPortraitUpsideDown UIInterfaceOrientationLandscapeLeft UIInterfaceOrientationLandscapeRight";
				INFOPLIST_KEY_UISupportedInterfaceOrientations_iPhone = "UIInterfaceOrientationPortrait UIInterfaceOrientationLandscapeLeft UIInterfaceOrientationLandscapeRight";
				LD_RUNPATH_SEARCH_PATHS = (
					"$(inherited)",
					"@executable_path/Frameworks",
				);
				MARKETING_VERSION = 1.0;
				PRODUCT_BUNDLE_IDENTIFIER = "com.mhelmeck.Easy-Browser";
				PRODUCT_NAME = "$(TARGET_NAME)";
				SWIFT_EMIT_LOC_STRINGS = YES;
				SWIFT_VERSION = 5.0;
				TARGETED_DEVICE_FAMILY = "1,2";
			};
			name = Debug;
		};
		892B78872A49BC9B0050FA50 /* Release */ = {
			isa = XCBuildConfiguration;
			buildSettings = {
				ASSETCATALOG_COMPILER_APPICON_NAME = AppIcon;
				ASSETCATALOG_COMPILER_GLOBAL_ACCENT_COLOR_NAME = AccentColor;
				CODE_SIGN_STYLE = Automatic;
				CURRENT_PROJECT_VERSION = 1;
				GENERATE_INFOPLIST_FILE = YES;
				INFOPLIST_FILE = "Easy Browser/Info.plist";
				INFOPLIST_KEY_UIApplicationSupportsIndirectInputEvents = YES;
				INFOPLIST_KEY_UILaunchStoryboardName = LaunchScreen;
				INFOPLIST_KEY_UISupportedInterfaceOrientations_iPad = "UIInterfaceOrientationPortrait UIInterfaceOrientationPortraitUpsideDown UIInterfaceOrientationLandscapeLeft UIInterfaceOrientationLandscapeRight";
				INFOPLIST_KEY_UISupportedInterfaceOrientations_iPhone = "UIInterfaceOrientationPortrait UIInterfaceOrientationLandscapeLeft UIInterfaceOrientationLandscapeRight";
				LD_RUNPATH_SEARCH_PATHS = (
					"$(inherited)",
					"@executable_path/Frameworks",
				);
				MARKETING_VERSION = 1.0;
				PRODUCT_BUNDLE_IDENTIFIER = "com.mhelmeck.Easy-Browser";
				PRODUCT_NAME = "$(TARGET_NAME)";
				SWIFT_EMIT_LOC_STRINGS = YES;
				SWIFT_VERSION = 5.0;
				TARGETED_DEVICE_FAMILY = "1,2";
			};
			name = Release;
		};
/* End XCBuildConfiguration section */

/* Begin XCConfigurationList section */
		892B786C2A49BC990050FA50 /* Build configuration list for PBXProject "Easy Browser" */ = {
			isa = XCConfigurationList;
			buildConfigurations = (
				892B78832A49BC9B0050FA50 /* Debug */,
				892B78842A49BC9B0050FA50 /* Release */,
			);
			defaultConfigurationIsVisible = 0;
			defaultConfigurationName = Release;
		};
		892B78852A49BC9B0050FA50 /* Build configuration list for PBXNativeTarget "Easy Browser" */ = {
			isa = XCConfigurationList;
			buildConfigurations = (
				892B78862A49BC9B0050FA50 /* Debug */,
				892B78872A49BC9B0050FA50 /* Release */,
			);
			defaultConfigurationIsVisible = 0;
			defaultConfigurationName = Release;
		};
/* End XCConfigurationList section */
	};
	rootObject = 892B78692A49BC990050FA50 /* Project object */;
}
