// !$*UTF8*$!
{
	archiveVersion = 1;
	classes = {
	};
	objectVersion = 56;
	objects = {

/* Begin PBXBuildFile section */
		891C8F712A39C1D900DA8F48 /* AppDelegate.swift in Sources */ = {isa = PBXBuildFile; fileRef = 891C8F702A39C1D900DA8F48 /* AppDelegate.swift */; };
		891C8F732A39C1D900DA8F48 /* SceneDelegate.swift in Sources */ = {isa = PBXBuildFile; fileRef = 891C8F722A39C1D900DA8F48 /* SceneDelegate.swift */; };
		891C8F752A39C1D900DA8F48 /* HomeTableViewController.swift in Sources */ = {isa = PBXBuildFile; fileRef = 891C8F742A39C1D900DA8F48 /* HomeTableViewController.swift */; };
		891C8F7A2A39C1DB00DA8F48 /* Assets.xcassets in Resources */ = {isa = PBXBuildFile; fileRef = 891C8F792A39C1DB00DA8F48 /* Assets.xcassets */; };
		891C8F7D2A39C1DB00DA8F48 /* LaunchScreen.storyboard in Resources */ = {isa = PBXBuildFile; fileRef = 891C8F7B2A39C1DB00DA8F48 /* LaunchScreen.storyboard */; };
		89C64E932A39C51600D83A73 /* nssl0049.jpg in Resources */ = {isa = PBXBuildFile; fileRef = 89C64E892A39C51600D83A73 /* nssl0049.jpg */; };
		89C64E942A39C51600D83A73 /* nssl0046.jpg in Resources */ = {isa = PBXBuildFile; fileRef = 89C64E8A2A39C51600D83A73 /* nssl0046.jpg */; };
		89C64E952A39C51600D83A73 /* nssl0091.jpg in Resources */ = {isa = PBXBuildFile; fileRef = 89C64E8B2A39C51600D83A73 /* nssl0091.jpg */; };
		89C64E962A39C51600D83A73 /* nssl0045.jpg in Resources */ = {isa = PBXBuildFile; fileRef = 89C64E8C2A39C51600D83A73 /* nssl0045.jpg */; };
		89C64E972A39C51600D83A73 /* nssl0051.jpg in Resources */ = {isa = PBXBuildFile; fileRef = 89C64E8D2A39C51600D83A73 /* nssl0051.jpg */; };
		89C64E982A39C51600D83A73 /* nssl0041.jpg in Resources */ = {isa = PBXBuildFile; fileRef = 89C64E8E2A39C51600D83A73 /* nssl0041.jpg */; };
		89C64E992A39C51600D83A73 /* nssl0042.jpg in Resources */ = {isa = PBXBuildFile; fileRef = 89C64E8F2A39C51600D83A73 /* nssl0042.jpg */; };
		89C64E9A2A39C51600D83A73 /* nssl0043.jpg in Resources */ = {isa = PBXBuildFile; fileRef = 89C64E902A39C51600D83A73 /* nssl0043.jpg */; };
		89C64E9B2A39C51600D83A73 /* nssl0033.jpg in Resources */ = {isa = PBXBuildFile; fileRef = 89C64E912A39C51600D83A73 /* nssl0033.jpg */; };
		89C64E9C2A39C51600D83A73 /* nssl0034.jpg in Resources */ = {isa = PBXBuildFile; fileRef = 89C64E922A39C51600D83A73 /* nssl0034.jpg */; };
		89C64E9E2A39C8C800D83A73 /* DetailViewController.swift in Sources */ = {isa = PBXBuildFile; fileRef = 89C64E9D2A39C8C800D83A73 /* DetailViewController.swift */; };
/* End PBXBuildFile section */

/* Begin PBXFileReference section */
		891C8F6D2A39C1D900DA8F48 /* Storm Viewer.app */ = {isa = PBXFileReference; explicitFileType = wrapper.application; includeInIndex = 0; path = "Storm Viewer.app"; sourceTree = BUILT_PRODUCTS_DIR; };
		891C8F702A39C1D900DA8F48 /* AppDelegate.swift */ = {isa = PBXFileReference; lastKnownFileType = sourcecode.swift; path = AppDelegate.swift; sourceTree = "<group>"; };
		891C8F722A39C1D900DA8F48 /* SceneDelegate.swift */ = {isa = PBXFileReference; lastKnownFileType = sourcecode.swift; path = SceneDelegate.swift; sourceTree = "<group>"; };
		891C8F742A39C1D900DA8F48 /* HomeTableViewController.swift */ = {isa = PBXFileReference; lastKnownFileType = sourcecode.swift; path = HomeTableViewController.swift; sourceTree = "<group>"; };
		891C8F792A39C1DB00DA8F48 /* Assets.xcassets */ = {isa = PBXFileReference; lastKnownFileType = folder.assetcatalog; path = Assets.xcassets; sourceTree = "<group>"; };
		891C8F7C2A39C1DB00DA8F48 /* Base */ = {isa = PBXFileReference; lastKnownFileType = file.storyboard; name = Base; path = Base.lproj/LaunchScreen.storyboard; sourceTree = "<group>"; };
		891C8F7E2A39C1DB00DA8F48 /* Info.plist */ = {isa = PBXFileReference; lastKnownFileType = text.plist.xml; path = Info.plist; sourceTree = "<group>"; };
		89C64E892A39C51600D83A73 /* nssl0049.jpg */ = {isa = PBXFileReference; lastKnownFileType = image.jpeg; path = nssl0049.jpg; sourceTree = "<group>"; };
		89C64E8A2A39C51600D83A73 /* nssl0046.jpg */ = {isa = PBXFileReference; lastKnownFileType = image.jpeg; path = nssl0046.jpg; sourceTree = "<group>"; };
		89C64E8B2A39C51600D83A73 /* nssl0091.jpg */ = {isa = PBXFileReference; lastKnownFileType = image.jpeg; path = nssl0091.jpg; sourceTree = "<group>"; };
		89C64E8C2A39C51600D83A73 /* nssl0045.jpg */ = {isa = PBXFileReference; lastKnownFileType = image.jpeg; path = nssl0045.jpg; sourceTree = "<group>"; };
		89C64E8D2A39C51600D83A73 /* nssl0051.jpg */ = {isa = PBXFileReference; lastKnownFileType = image.jpeg; path = nssl0051.jpg; sourceTree = "<group>"; };
		89C64E8E2A39C51600D83A73 /* nssl0041.jpg */ = {isa = PBXFileReference; lastKnownFileType = image.jpeg; path = nssl0041.jpg; sourceTree = "<group>"; };
		89C64E8F2A39C51600D83A73 /* nssl0042.jpg */ = {isa = PBXFileReference; lastKnownFileType = image.jpeg; path = nssl0042.jpg; sourceTree = "<group>"; };
		89C64E902A39C51600D83A73 /* nssl0043.jpg */ = {isa = PBXFileReference; lastKnownFileType = image.jpeg; path = nssl0043.jpg; sourceTree = "<group>"; };
		89C64E912A39C51600D83A73 /* nssl0033.jpg */ = {isa = PBXFileReference; lastKnownFileType = image.jpeg; path = nssl0033.jpg; sourceTree = "<group>"; };
		89C64E922A39C51600D83A73 /* nssl0034.jpg */ = {isa = PBXFileReference; lastKnownFileType = image.jpeg; path = nssl0034.jpg; sourceTree = "<group>"; };
		89C64E9D2A39C8C800D83A73 /* DetailViewController.swift */ = {isa = PBXFileReference; lastKnownFileType = sourcecode.swift; path = DetailViewController.swift; sourceTree = "<group>"; };
/* End PBXFileReference section */

/* Begin PBXFrameworksBuildPhase section */
		891C8F6A2A39C1D900DA8F48 /* Frameworks */ = {
			isa = PBXFrameworksBuildPhase;
			buildActionMask = 2147483647;
			files = (
			);
			runOnlyForDeploymentPostprocessing = 0;
		};
/* End PBXFrameworksBuildPhase section */

/* Begin PBXGroup section */
		891C8F642A39C1D900DA8F48 = {
			isa = PBXGroup;
			children = (
				891C8F6F2A39C1D900DA8F48 /* Storm Viewer */,
				891C8F6E2A39C1D900DA8F48 /* Products */,
			);
			sourceTree = "<group>";
		};
		891C8F6E2A39C1D900DA8F48 /* Products */ = {
			isa = PBXGroup;
			children = (
				891C8F6D2A39C1D900DA8F48 /* Storm Viewer.app */,
			);
			name = Products;
			sourceTree = "<group>";
		};
		891C8F6F2A39C1D900DA8F48 /* Storm Viewer */ = {
			isa = PBXGroup;
			children = (
				89C64E882A39C51600D83A73 /* Content */,
				89D95EBC2A4F3A1500BAB9D7 /* Sources */,
				891C8F702A39C1D900DA8F48 /* AppDelegate.swift */,
				891C8F722A39C1D900DA8F48 /* SceneDelegate.swift */,
				891C8F792A39C1DB00DA8F48 /* Assets.xcassets */,
				891C8F7B2A39C1DB00DA8F48 /* LaunchScreen.storyboard */,
				891C8F7E2A39C1DB00DA8F48 /* Info.plist */,
			);
			path = "Storm Viewer";
			sourceTree = "<group>";
		};
		89C64E882A39C51600D83A73 /* Content */ = {
			isa = PBXGroup;
			children = (
				89C64E892A39C51600D83A73 /* nssl0049.jpg */,
				89C64E8A2A39C51600D83A73 /* nssl0046.jpg */,
				89C64E8B2A39C51600D83A73 /* nssl0091.jpg */,
				89C64E8C2A39C51600D83A73 /* nssl0045.jpg */,
				89C64E8D2A39C51600D83A73 /* nssl0051.jpg */,
				89C64E8E2A39C51600D83A73 /* nssl0041.jpg */,
				89C64E8F2A39C51600D83A73 /* nssl0042.jpg */,
				89C64E902A39C51600D83A73 /* nssl0043.jpg */,
				89C64E912A39C51600D83A73 /* nssl0033.jpg */,
				89C64E922A39C51600D83A73 /* nssl0034.jpg */,
			);
			path = Content;
			sourceTree = "<group>";
		};
		89D95EBC2A4F3A1500BAB9D7 /* Sources */ = {
			isa = PBXGroup;
			children = (
				891C8F742A39C1D900DA8F48 /* HomeTableViewController.swift */,
				89C64E9D2A39C8C800D83A73 /* DetailViewController.swift */,
			);
			path = Sources;
			sourceTree = "<group>";
		};
/* End PBXGroup section */

/* Begin PBXNativeTarget section */
		891C8F6C2A39C1D900DA8F48 /* Storm Viewer */ = {
			isa = PBXNativeTarget;
			buildConfigurationList = 891C8F812A39C1DB00DA8F48 /* Build configuration list for PBXNativeTarget "Storm Viewer" */;
			buildPhases = (
				891C8F692A39C1D900DA8F48 /* Sources */,
				891C8F6A2A39C1D900DA8F48 /* Frameworks */,
				891C8F6B2A39C1D900DA8F48 /* Resources */,
			);
			buildRules = (
			);
			dependencies = (
			);
			name = "Storm Viewer";
			productName = "Storm Viewer";
			productReference = 891C8F6D2A39C1D900DA8F48 /* Storm Viewer.app */;
			productType = "com.apple.product-type.application";
		};
/* End PBXNativeTarget section */

/* Begin PBXProject section */
		891C8F652A39C1D900DA8F48 /* Project object */ = {
			isa = PBXProject;
			attributes = {
				BuildIndependentTargetsInParallel = 1;
				LastSwiftUpdateCheck = 1430;
				LastUpgradeCheck = 1430;
				TargetAttributes = {
					891C8F6C2A39C1D900DA8F48 = {
						CreatedOnToolsVersion = 14.3;
					};
				};
			};
			buildConfigurationList = 891C8F682A39C1D900DA8F48 /* Build configuration list for PBXProject "Storm Viewer" */;
			compatibilityVersion = "Xcode 14.0";
			developmentRegion = en;
			hasScannedForEncodings = 0;
			knownRegions = (
				en,
				Base,
			);
			mainGroup = 891C8F642A39C1D900DA8F48;
			productRefGroup = 891C8F6E2A39C1D900DA8F48 /* Products */;
			projectDirPath = "";
			projectRoot = "";
			targets = (
				891C8F6C2A39C1D900DA8F48 /* Storm Viewer */,
			);
		};
/* End PBXProject section */

/* Begin PBXResourcesBuildPhase section */
		891C8F6B2A39C1D900DA8F48 /* Resources */ = {
			isa = PBXResourcesBuildPhase;
			buildActionMask = 2147483647;
			files = (
				89C64E942A39C51600D83A73 /* nssl0046.jpg in Resources */,
				89C64E9B2A39C51600D83A73 /* nssl0033.jpg in Resources */,
				89C64E972A39C51600D83A73 /* nssl0051.jpg in Resources */,
				89C64E952A39C51600D83A73 /* nssl0091.jpg in Resources */,
				89C64E9A2A39C51600D83A73 /* nssl0043.jpg in Resources */,
				89C64E9C2A39C51600D83A73 /* nssl0034.jpg in Resources */,
				89C64E932A39C51600D83A73 /* nssl0049.jpg in Resources */,
				89C64E982A39C51600D83A73 /* nssl0041.jpg in Resources */,
				89C64E992A39C51600D83A73 /* nssl0042.jpg in Resources */,
				891C8F7D2A39C1DB00DA8F48 /* LaunchScreen.storyboard in Resources */,
				891C8F7A2A39C1DB00DA8F48 /* Assets.xcassets in Resources */,
				89C64E962A39C51600D83A73 /* nssl0045.jpg in Resources */,
			);
			runOnlyForDeploymentPostprocessing = 0;
		};
/* End PBXResourcesBuildPhase section */

/* Begin PBXSourcesBuildPhase section */
		891C8F692A39C1D900DA8F48 /* Sources */ = {
			isa = PBXSourcesBuildPhase;
			buildActionMask = 2147483647;
			files = (
				891C8F752A39C1D900DA8F48 /* HomeTableViewController.swift in Sources */,
				891C8F712A39C1D900DA8F48 /* AppDelegate.swift in Sources */,
				891C8F732A39C1D900DA8F48 /* SceneDelegate.swift in Sources */,
				89C64E9E2A39C8C800D83A73 /* DetailViewController.swift in Sources */,
			);
			runOnlyForDeploymentPostprocessing = 0;
		};
/* End PBXSourcesBuildPhase section */

/* Begin PBXVariantGroup section */
		891C8F7B2A39C1DB00DA8F48 /* LaunchScreen.storyboard */ = {
			isa = PBXVariantGroup;
			children = (
				891C8F7C2A39C1DB00DA8F48 /* Base */,
			);
			name = LaunchScreen.storyboard;
			sourceTree = "<group>";
		};
/* End PBXVariantGroup section */

/* Begin XCBuildConfiguration section */
		891C8F7F2A39C1DB00DA8F48 /* Debug */ = {
			isa = XCBuildConfiguration;
			buildSettings = {
				ALWAYS_SEARCH_USER_PATHS = NO;
				CLANG_ANALYZER_NONNULL = YES;
				CLANG_ANALYZER_NUMBER_OBJECT_CONVERSION = YES_AGGRESSIVE;
				CLANG_CXX_LANGUAGE_STANDARD = "gnu++20";
				CLANG_ENABLE_MODULES = YES;
				CLANG_ENABLE_OBJC_ARC = YES;
				CLANG_ENABLE_OBJC_WEAK = YES;
				CLANG_WARN_BLOCK_CAPTURE_AUTORELEASING = YES;
				CLANG_WARN_BOOL_CONVERSION = YES;
				CLANG_WARN_COMMA = YES;
				CLANG_WARN_CONSTANT_CONVERSION = YES;
				CLANG_WARN_DEPRECATED_OBJC_IMPLEMENTATIONS = YES;
				CLANG_WARN_DIRECT_OBJC_ISA_USAGE = YES_ERROR;
				CLANG_WARN_DOCUMENTATION_COMMENTS = YES;
				CLANG_WARN_EMPTY_BODY = YES;
				CLANG_WARN_ENUM_CONVERSION = YES;
				CLANG_WARN_INFINITE_RECURSION = YES;
				CLANG_WARN_INT_CONVERSION = YES;
				CLANG_WARN_NON_LITERAL_NULL_CONVERSION = YES;
				CLANG_WARN_OBJC_IMPLICIT_RETAIN_SELF = YES;
				CLANG_WARN_OBJC_LITERAL_CONVERSION = YES;
				CLANG_WARN_OBJC_ROOT_CLASS = YES_ERROR;
				CLANG_WARN_QUOTED_INCLUDE_IN_FRAMEWORK_HEADER = YES;
				CLANG_WARN_RANGE_LOOP_ANALYSIS = YES;
				CLANG_WARN_STRICT_PROTOTYPES = YES;
				CLANG_WARN_SUSPICIOUS_MOVE = YES;
				CLANG_WARN_UNGUARDED_AVAILABILITY = YES_AGGRESSIVE;
				CLANG_WARN_UNREACHABLE_CODE = YES;
				CLANG_WARN__DUPLICATE_METHOD_MATCH = YES;
				COPY_PHASE_STRIP = NO;
				DEBUG_INFORMATION_FORMAT = dwarf;
				ENABLE_STRICT_OBJC_MSGSEND = YES;
				ENABLE_TESTABILITY = YES;
				GCC_C_LANGUAGE_STANDARD = gnu11;
				GCC_DYNAMIC_NO_PIC = NO;
				GCC_NO_COMMON_BLOCKS = YES;
				GCC_OPTIMIZATION_LEVEL = 0;
				GCC_PREPROCESSOR_DEFINITIONS = (
					"DEBUG=1",
					"$(inherited)",
				);
				GCC_WARN_64_TO_32_BIT_CONVERSION = YES;
				GCC_WARN_ABOUT_RETURN_TYPE = YES_ERROR;
				GCC_WARN_UNDECLARED_SELECTOR = YES;
				GCC_WARN_UNINITIALIZED_AUTOS = YES_AGGRESSIVE;
				GCC_WARN_UNUSED_FUNCTION = YES;
				GCC_WARN_UNUSED_VARIABLE = YES;
				IPHONEOS_DEPLOYMENT_TARGET = 16.4;
				MTL_ENABLE_DEBUG_INFO = INCLUDE_SOURCE;
				MTL_FAST_MATH = YES;
				ONLY_ACTIVE_ARCH = YES;
				SDKROOT = iphoneos;
				SWIFT_ACTIVE_COMPILATION_CONDITIONS = DEBUG;
				SWIFT_OPTIMIZATION_LEVEL = "-Onone";
			};
			name = Debug;
		};
		891C8F802A39C1DB00DA8F48 /* Release */ = {
			isa = XCBuildConfiguration;
			buildSettings = {
				ALWAYS_SEARCH_USER_PATHS = NO;
				CLANG_ANALYZER_NONNULL = YES;
				CLANG_ANALYZER_NUMBER_OBJECT_CONVERSION = YES_AGGRESSIVE;
				CLANG_CXX_LANGUAGE_STANDARD = "gnu++20";
				CLANG_ENABLE_MODULES = YES;
				CLANG_ENABLE_OBJC_ARC = YES;
				CLANG_ENABLE_OBJC_WEAK = YES;
				CLANG_WARN_BLOCK_CAPTURE_AUTORELEASING = YES;
				CLANG_WARN_BOOL_CONVERSION = YES;
				CLANG_WARN_COMMA = YES;
				CLANG_WARN_CONSTANT_CONVERSION = YES;
				CLANG_WARN_DEPRECATED_OBJC_IMPLEMENTATIONS = YES;
				CLANG_WARN_DIRECT_OBJC_ISA_USAGE = YES_ERROR;
				CLANG_WARN_DOCUMENTATION_COMMENTS = YES;
				CLANG_WARN_EMPTY_BODY = YES;
				CLANG_WARN_ENUM_CONVERSION = YES;
				CLANG_WARN_INFINITE_RECURSION = YES;
				CLANG_WARN_INT_CONVERSION = YES;
				CLANG_WARN_NON_LITERAL_NULL_CONVERSION = YES;
				CLANG_WARN_OBJC_IMPLICIT_RETAIN_SELF = YES;
				CLANG_WARN_OBJC_LITERAL_CONVERSION = YES;
				CLANG_WARN_OBJC_ROOT_CLASS = YES_ERROR;
				CLANG_WARN_QUOTED_INCLUDE_IN_FRAMEWORK_HEADER = YES;
				CLANG_WARN_RANGE_LOOP_ANALYSIS = YES;
				CLANG_WARN_STRICT_PROTOTYPES = YES;
				CLANG_WARN_SUSPICIOUS_MOVE = YES;
				CLANG_WARN_UNGUARDED_AVAILABILITY = YES_AGGRESSIVE;
				CLANG_WARN_UNREACHABLE_CODE = YES;
				CLANG_WARN__DUPLICATE_METHOD_MATCH = YES;
				COPY_PHASE_STRIP = NO;
				DEBUG_INFORMATION_FORMAT = "dwarf-with-dsym";
				ENABLE_NS_ASSERTIONS = NO;
				ENABLE_STRICT_OBJC_MSGSEND = YES;
				GCC_C_LANGUAGE_STANDARD = gnu11;
				GCC_NO_COMMON_BLOCKS = YES;
				GCC_WARN_64_TO_32_BIT_CONVERSION = YES;
				GCC_WARN_ABOUT_RETURN_TYPE = YES_ERROR;
				GCC_WARN_UNDECLARED_SELECTOR = YES;
				GCC_WARN_UNINITIALIZED_AUTOS = YES_AGGRESSIVE;
				GCC_WARN_UNUSED_FUNCTION = YES;
				GCC_WARN_UNUSED_VARIABLE = YES;
				IPHONEOS_DEPLOYMENT_TARGET = 16.4;
				MTL_ENABLE_DEBUG_INFO = NO;
				MTL_FAST_MATH = YES;
				SDKROOT = iphoneos;
				SWIFT_COMPILATION_MODE = wholemodule;
				SWIFT_OPTIMIZATION_LEVEL = "-O";
				VALIDATE_PRODUCT = YES;
			};
			name = Release;
		};
		891C8F822A39C1DB00DA8F48 /* Debug */ = {
			isa = XCBuildConfiguration;
			buildSettings = {
				ASSETCATALOG_COMPILER_APPICON_NAME = AppIcon;
				ASSETCATALOG_COMPILER_GLOBAL_ACCENT_COLOR_NAME = AccentColor;
				CODE_SIGN_STYLE = Automatic;
				CURRENT_PROJECT_VERSION = 1;
				GENERATE_INFOPLIST_FILE = YES;
				INFOPLIST_FILE = "Storm Viewer/Info.plist";
				INFOPLIST_KEY_UIApplicationSupportsIndirectInputEvents = YES;
				INFOPLIST_KEY_UILaunchStoryboardName = LaunchScreen;
				INFOPLIST_KEY_UISupportedInterfaceOrientations_iPad = "UIInterfaceOrientationPortrait UIInterfaceOrientationPortraitUpsideDown UIInterfaceOrientationLandscapeLeft UIInterfaceOrientationLandscapeRight";
				INFOPLIST_KEY_UISupportedInterfaceOrientations_iPhone = "UIInterfaceOrientationPortrait UIInterfaceOrientationLandscapeLeft UIInterfaceOrientationLandscapeRight";
				LD_RUNPATH_SEARCH_PATHS = (
					"$(inherited)",
					"@executable_path/Frameworks",
				);
				MARKETING_VERSION = 1.0;
				PRODUCT_BUNDLE_IDENTIFIER = "com.mhelmeck.Storm-Viewer";
				PRODUCT_NAME = "$(TARGET_NAME)";
				SWIFT_EMIT_LOC_STRINGS = YES;
				SWIFT_VERSION = 5.0;
				TARGETED_DEVICE_FAMILY = "1,2";
			};
			name = Debug;
		};
		891C8F832A39C1DB00DA8F48 /* Release */ = {
			isa = XCBuildConfiguration;
			buildSettings = {
				ASSETCATALOG_COMPILER_APPICON_NAME = AppIcon;
				ASSETCATALOG_COMPILER_GLOBAL_ACCENT_COLOR_NAME = AccentColor;
				CODE_SIGN_STYLE = Automatic;
				CURRENT_PROJECT_VERSION = 1;
				GENERATE_INFOPLIST_FILE = YES;
				INFOPLIST_FILE = "Storm Viewer/Info.plist";
				INFOPLIST_KEY_UIApplicationSupportsIndirectInputEvents = YES;
				INFOPLIST_KEY_UILaunchStoryboardName = LaunchScreen;
				INFOPLIST_KEY_UISupportedInterfaceOrientations_iPad = "UIInterfaceOrientationPortrait UIInterfaceOrientationPortraitUpsideDown UIInterfaceOrientationLandscapeLeft UIInterfaceOrientationLandscapeRight";
				INFOPLIST_KEY_UISupportedInterfaceOrientations_iPhone = "UIInterfaceOrientationPortrait UIInterfaceOrientationLandscapeLeft UIInterfaceOrientationLandscapeRight";
				LD_RUNPATH_SEARCH_PATHS = (
					"$(inherited)",
					"@executable_path/Frameworks",
				);
				MARKETING_VERSION = 1.0;
				PRODUCT_BUNDLE_IDENTIFIER = "com.mhelmeck.Storm-Viewer";
				PRODUCT_NAME = "$(TARGET_NAME)";
				SWIFT_EMIT_LOC_STRINGS = YES;
				SWIFT_VERSION = 5.0;
				TARGETED_DEVICE_FAMILY = "1,2";
			};
			name = Release;
		};
/* End XCBuildConfiguration section */

/* Begin XCConfigurationList section */
		891C8F682A39C1D900DA8F48 /* Build configuration list for PBXProject "Storm Viewer" */ = {
			isa = XCConfigurationList;
			buildConfigurations = (
				891C8F7F2A39C1DB00DA8F48 /* Debug */,
				891C8F802A39C1DB00DA8F48 /* Release */,
			);
			defaultConfigurationIsVisible = 0;
			defaultConfigurationName = Release;
		};
		891C8F812A39C1DB00DA8F48 /* Build configuration list for PBXNativeTarget "Storm Viewer" */ = {
			isa = XCConfigurationList;
			buildConfigurations = (
				891C8F822A39C1DB00DA8F48 /* Debug */,
				891C8F832A39C1DB00DA8F48 /* Release */,
			);
			defaultConfigurationIsVisible = 0;
			defaultConfigurationName = Release;
		};
/* End XCConfigurationList section */
	};
	rootObject = 891C8F652A39C1D900DA8F48 /* Project object */;
}
