// !$*UTF8*$!
{
	archiveVersion = 1;
	classes = {
	};
	objectVersion = 56;
	objects = {

/* Begin PBXBuildFile section */
		89CF59CC2ABF942C0068048B /* AppDelegate.swift in Sources */ = {isa = PBXBuildFile; fileRef = 89CF59CB2ABF942C0068048B /* AppDelegate.swift */; };
		89CF59CE2ABF942C0068048B /* GameScene.sks in Resources */ = {isa = PBXBuildFile; fileRef = 89CF59CD2ABF942C0068048B /* GameScene.sks */; };
		89CF59D22ABF942C0068048B /* GameScene.swift in Sources */ = {isa = PBXBuildFile; fileRef = 89CF59D12ABF942C0068048B /* GameScene.swift */; };
		89CF59D42ABF942C0068048B /* GameViewController.swift in Sources */ = {isa = PBXBuildFile; fileRef = 89CF59D32ABF942C0068048B /* GameViewController.swift */; };
		89CF59D72ABF942C0068048B /* Main.storyboard in Resources */ = {isa = PBXBuildFile; fileRef = 89CF59D52ABF942C0068048B /* Main.storyboard */; };
		89CF59D92ABF942E0068048B /* Assets.xcassets in Resources */ = {isa = PBXBuildFile; fileRef = 89CF59D82ABF942E0068048B /* Assets.xcassets */; };
		89CF59DC2ABF942E0068048B /* LaunchScreen.storyboard in Resources */ = {isa = PBXBuildFile; fileRef = 89CF59DA2ABF942E0068048B /* LaunchScreen.storyboard */; };
		89CF59FF2ABF975B0068048B /* ballGrey.png in Resources */ = {isa = PBXBuildFile; fileRef = 89CF59E32ABF975B0068048B /* ballGrey.png */; };
		89CF5A002ABF975B0068048B /* FireParticles.sks in Resources */ = {isa = PBXBuildFile; fileRef = 89CF59E42ABF975B0068048B /* FireParticles.sks */; };
		89CF5A012ABF975B0068048B /* ballBlue@2x.png in Resources */ = {isa = PBXBuildFile; fileRef = 89CF59E52ABF975B0068048B /* ballBlue@2x.png */; };
		89CF5A022ABF975B0068048B /* slotGlowBad@2x.png in Resources */ = {isa = PBXBuildFile; fileRef = 89CF59E62ABF975B0068048B /* slotGlowBad@2x.png */; };
		89CF5A032ABF975B0068048B /* ballPurple.png in Resources */ = {isa = PBXBuildFile; fileRef = 89CF59E72ABF975B0068048B /* ballPurple.png */; };
		89CF5A042ABF975B0068048B /* ballYellow@2x.png in Resources */ = {isa = PBXBuildFile; fileRef = 89CF59E82ABF975B0068048B /* ballYellow@2x.png */; };
		89CF5A052ABF975B0068048B /* ballRed.png in Resources */ = {isa = PBXBuildFile; fileRef = 89CF59E92ABF975B0068048B /* ballRed.png */; };
		89CF5A062ABF975B0068048B /* slotBaseGood@2x.png in Resources */ = {isa = PBXBuildFile; fileRef = 89CF59EA2ABF975B0068048B /* slotBaseGood@2x.png */; };
		89CF5A072ABF975B0068048B /* ballPurple@2x.png in Resources */ = {isa = PBXBuildFile; fileRef = 89CF59EB2ABF975B0068048B /* ballPurple@2x.png */; };
		89CF5A082ABF975B0068048B /* slotBaseBad.png in Resources */ = {isa = PBXBuildFile; fileRef = 89CF59EC2ABF975B0068048B /* slotBaseBad.png */; };
		89CF5A092ABF975B0068048B /* slotBaseBad@2x.png in Resources */ = {isa = PBXBuildFile; fileRef = 89CF59ED2ABF975B0068048B /* slotBaseBad@2x.png */; };
		89CF5A0A2ABF975B0068048B /* ballGrey@2x.png in Resources */ = {isa = PBXBuildFile; fileRef = 89CF59EE2ABF975B0068048B /* ballGrey@2x.png */; };
		89CF5A0B2ABF975B0068048B /* spark.png in Resources */ = {isa = PBXBuildFile; fileRef = 89CF59EF2ABF975B0068048B /* spark.png */; };
		89CF5A0C2ABF975B0068048B /* bouncer@2x.png in Resources */ = {isa = PBXBuildFile; fileRef = 89CF59F02ABF975B0068048B /* bouncer@2x.png */; };
		89CF5A0D2ABF975B0068048B /* slotGlowGood.png in Resources */ = {isa = PBXBuildFile; fileRef = 89CF59F12ABF975B0068048B /* slotGlowGood.png */; };
		89CF5A0E2ABF975B0068048B /* slotGlowGood@2x.png in Resources */ = {isa = PBXBuildFile; fileRef = 89CF59F22ABF975B0068048B /* slotGlowGood@2x.png */; };
		89CF5A0F2ABF975B0068048B /* slotBaseGood.png in Resources */ = {isa = PBXBuildFile; fileRef = 89CF59F32ABF975B0068048B /* slotBaseGood.png */; };
		89CF5A102ABF975B0068048B /* background.jpg in Resources */ = {isa = PBXBuildFile; fileRef = 89CF59F42ABF975B0068048B /* background.jpg */; };
		89CF5A112ABF975B0068048B /* ballCyan.png in Resources */ = {isa = PBXBuildFile; fileRef = 89CF59F52ABF975B0068048B /* ballCyan.png */; };
		89CF5A122ABF975B0068048B /* ballRed@2x.png in Resources */ = {isa = PBXBuildFile; fileRef = 89CF59F62ABF975B0068048B /* ballRed@2x.png */; };
		89CF5A132ABF975B0068048B /* slotGlowBad.png in Resources */ = {isa = PBXBuildFile; fileRef = 89CF59F72ABF975B0068048B /* slotGlowBad.png */; };
		89CF5A142ABF975B0068048B /* ballCyan@2x.png in Resources */ = {isa = PBXBuildFile; fileRef = 89CF59F82ABF975B0068048B /* ballCyan@2x.png */; };
		89CF5A152ABF975B0068048B /* ballYellow.png in Resources */ = {isa = PBXBuildFile; fileRef = 89CF59F92ABF975B0068048B /* ballYellow.png */; };
		89CF5A162ABF975B0068048B /* background@2x.jpg in Resources */ = {isa = PBXBuildFile; fileRef = 89CF59FA2ABF975B0068048B /* background@2x.jpg */; };
		89CF5A172ABF975B0068048B /* ballGreen@2x.png in Resources */ = {isa = PBXBuildFile; fileRef = 89CF59FB2ABF975B0068048B /* ballGreen@2x.png */; };
		89CF5A182ABF975B0068048B /* ballGreen.png in Resources */ = {isa = PBXBuildFile; fileRef = 89CF59FC2ABF975B0068048B /* ballGreen.png */; };
		89CF5A192ABF975B0068048B /* bouncer.png in Resources */ = {isa = PBXBuildFile; fileRef = 89CF59FD2ABF975B0068048B /* bouncer.png */; };
		89CF5A1A2ABF975B0068048B /* ballBlue.png in Resources */ = {isa = PBXBuildFile; fileRef = 89CF59FE2ABF975B0068048B /* ballBlue.png */; };
/* End PBXBuildFile section */

/* Begin PBXFileReference section */
		89CF59C82ABF942C0068048B /* Pachinko.app */ = {isa = PBXFileReference; explicitFileType = wrapper.application; includeInIndex = 0; path = Pachinko.app; sourceTree = BUILT_PRODUCTS_DIR; };
		89CF59CB2ABF942C0068048B /* AppDelegate.swift */ = {isa = PBXFileReference; lastKnownFileType = sourcecode.swift; path = AppDelegate.swift; sourceTree = "<group>"; };
		89CF59CD2ABF942C0068048B /* GameScene.sks */ = {isa = PBXFileReference; lastKnownFileType = file.sks; path = GameScene.sks; sourceTree = "<group>"; };
		89CF59D12ABF942C0068048B /* GameScene.swift */ = {isa = PBXFileReference; lastKnownFileType = sourcecode.swift; path = GameScene.swift; sourceTree = "<group>"; };
		89CF59D32ABF942C0068048B /* GameViewController.swift */ = {isa = PBXFileReference; lastKnownFileType = sourcecode.swift; path = GameViewController.swift; sourceTree = "<group>"; };
		89CF59D62ABF942C0068048B /* Base */ = {isa = PBXFileReference; lastKnownFileType = file.storyboard; name = Base; path = Base.lproj/Main.storyboard; sourceTree = "<group>"; };
		89CF59D82ABF942E0068048B /* Assets.xcassets */ = {isa = PBXFileReference; lastKnownFileType = folder.assetcatalog; path = Assets.xcassets; sourceTree = "<group>"; };
		89CF59DB2ABF942E0068048B /* Base */ = {isa = PBXFileReference; lastKnownFileType = file.storyboard; name = Base; path = Base.lproj/LaunchScreen.storyboard; sourceTree = "<group>"; };
		89CF59E32ABF975B0068048B /* ballGrey.png */ = {isa = PBXFileReference; lastKnownFileType = image.png; path = ballGrey.png; sourceTree = "<group>"; };
		89CF59E42ABF975B0068048B /* FireParticles.sks */ = {isa = PBXFileReference; lastKnownFileType = file.sks; path = FireParticles.sks; sourceTree = "<group>"; };
		89CF59E52ABF975B0068048B /* ballBlue@2x.png */ = {isa = PBXFileReference; lastKnownFileType = image.png; path = "ballBlue@2x.png"; sourceTree = "<group>"; };
		89CF59E62ABF975B0068048B /* slotGlowBad@2x.png */ = {isa = PBXFileReference; lastKnownFileType = image.png; path = "slotGlowBad@2x.png"; sourceTree = "<group>"; };
		89CF59E72ABF975B0068048B /* ballPurple.png */ = {isa = PBXFileReference; lastKnownFileType = image.png; path = ballPurple.png; sourceTree = "<group>"; };
		89CF59E82ABF975B0068048B /* ballYellow@2x.png */ = {isa = PBXFileReference; lastKnownFileType = image.png; path = "ballYellow@2x.png"; sourceTree = "<group>"; };
		89CF59E92ABF975B0068048B /* ballRed.png */ = {isa = PBXFileReference; lastKnownFileType = image.png; path = ballRed.png; sourceTree = "<group>"; };
		89CF59EA2ABF975B0068048B /* slotBaseGood@2x.png */ = {isa = PBXFileReference; lastKnownFileType = image.png; path = "slotBaseGood@2x.png"; sourceTree = "<group>"; };
		89CF59EB2ABF975B0068048B /* ballPurple@2x.png */ = {isa = PBXFileReference; lastKnownFileType = image.png; path = "ballPurple@2x.png"; sourceTree = "<group>"; };
		89CF59EC2ABF975B0068048B /* slotBaseBad.png */ = {isa = PBXFileReference; lastKnownFileType = image.png; path = slotBaseBad.png; sourceTree = "<group>"; };
		89CF59ED2ABF975B0068048B /* slotBaseBad@2x.png */ = {isa = PBXFileReference; lastKnownFileType = image.png; path = "slotBaseBad@2x.png"; sourceTree = "<group>"; };
		89CF59EE2ABF975B0068048B /* ballGrey@2x.png */ = {isa = PBXFileReference; lastKnownFileType = image.png; path = "ballGrey@2x.png"; sourceTree = "<group>"; };
		89CF59EF2ABF975B0068048B /* spark.png */ = {isa = PBXFileReference; lastKnownFileType = image.png; path = spark.png; sourceTree = "<group>"; };
		89CF59F02ABF975B0068048B /* bouncer@2x.png */ = {isa = PBXFileReference; lastKnownFileType = image.png; path = "bouncer@2x.png"; sourceTree = "<group>"; };
		89CF59F12ABF975B0068048B /* slotGlowGood.png */ = {isa = PBXFileReference; lastKnownFileType = image.png; path = slotGlowGood.png; sourceTree = "<group>"; };
		89CF59F22ABF975B0068048B /* slotGlowGood@2x.png */ = {isa = PBXFileReference; lastKnownFileType = image.png; path = "slotGlowGood@2x.png"; sourceTree = "<group>"; };
		89CF59F32ABF975B0068048B /* slotBaseGood.png */ = {isa = PBXFileReference; lastKnownFileType = image.png; path = slotBaseGood.png; sourceTree = "<group>"; };
		89CF59F42ABF975B0068048B /* background.jpg */ = {isa = PBXFileReference; lastKnownFileType = image.jpeg; path = background.jpg; sourceTree = "<group>"; };
		89CF59F52ABF975B0068048B /* ballCyan.png */ = {isa = PBXFileReference; lastKnownFileType = image.png; path = ballCyan.png; sourceTree = "<group>"; };
		89CF59F62ABF975B0068048B /* ballRed@2x.png */ = {isa = PBXFileReference; lastKnownFileType = image.png; path = "ballRed@2x.png"; sourceTree = "<group>"; };
		89CF59F72ABF975B0068048B /* slotGlowBad.png */ = {isa = PBXFileReference; lastKnownFileType = image.png; path = slotGlowBad.png; sourceTree = "<group>"; };
		89CF59F82ABF975B0068048B /* ballCyan@2x.png */ = {isa = PBXFileReference; lastKnownFileType = image.png; path = "ballCyan@2x.png"; sourceTree = "<group>"; };
		89CF59F92ABF975B0068048B /* ballYellow.png */ = {isa = PBXFileReference; lastKnownFileType = image.png; path = ballYellow.png; sourceTree = "<group>"; };
		89CF59FA2ABF975B0068048B /* background@2x.jpg */ = {isa = PBXFileReference; lastKnownFileType = image.jpeg; path = "background@2x.jpg"; sourceTree = "<group>"; };
		89CF59FB2ABF975B0068048B /* ballGreen@2x.png */ = {isa = PBXFileReference; lastKnownFileType = image.png; path = "ballGreen@2x.png"; sourceTree = "<group>"; };
		89CF59FC2ABF975B0068048B /* ballGreen.png */ = {isa = PBXFileReference; lastKnownFileType = image.png; path = ballGreen.png; sourceTree = "<group>"; };
		89CF59FD2ABF975B0068048B /* bouncer.png */ = {isa = PBXFileReference; lastKnownFileType = image.png; path = bouncer.png; sourceTree = "<group>"; };
		89CF59FE2ABF975B0068048B /* ballBlue.png */ = {isa = PBXFileReference; lastKnownFileType = image.png; path = ballBlue.png; sourceTree = "<group>"; };
/* End PBXFileReference section */

/* Begin PBXFrameworksBuildPhase section */
		89CF59C52ABF942C0068048B /* Frameworks */ = {
			isa = PBXFrameworksBuildPhase;
			buildActionMask = 2147483647;
			files = (
			);
			runOnlyForDeploymentPostprocessing = 0;
		};
/* End PBXFrameworksBuildPhase section */

/* Begin PBXGroup section */
		89CF59BF2ABF942C0068048B = {
			isa = PBXGroup;
			children = (
				89CF59CA2ABF942C0068048B /* Pachinko */,
				89CF59C92ABF942C0068048B /* Products */,
			);
			sourceTree = "<group>";
		};
		89CF59C92ABF942C0068048B /* Products */ = {
			isa = PBXGroup;
			children = (
				89CF59C82ABF942C0068048B /* Pachinko.app */,
			);
			name = Products;
			sourceTree = "<group>";
		};
		89CF59CA2ABF942C0068048B /* Pachinko */ = {
			isa = PBXGroup;
			children = (
				89CF59E22ABF975B0068048B /* Resources */,
				89CF59CB2ABF942C0068048B /* AppDelegate.swift */,
				89CF59CD2ABF942C0068048B /* GameScene.sks */,
				89CF59D12ABF942C0068048B /* GameScene.swift */,
				89CF59D32ABF942C0068048B /* GameViewController.swift */,
				89CF59D52ABF942C0068048B /* Main.storyboard */,
				89CF59D82ABF942E0068048B /* Assets.xcassets */,
				89CF59DA2ABF942E0068048B /* LaunchScreen.storyboard */,
			);
			path = Pachinko;
			sourceTree = "<group>";
		};
		89CF59E22ABF975B0068048B /* Resources */ = {
			isa = PBXGroup;
			children = (
				89CF59E32ABF975B0068048B /* ballGrey.png */,
				89CF59E42ABF975B0068048B /* FireParticles.sks */,
				89CF59E52ABF975B0068048B /* ballBlue@2x.png */,
				89CF59E62ABF975B0068048B /* slotGlowBad@2x.png */,
				89CF59E72ABF975B0068048B /* ballPurple.png */,
				89CF59E82ABF975B0068048B /* ballYellow@2x.png */,
				89CF59E92ABF975B0068048B /* ballRed.png */,
				89CF59EA2ABF975B0068048B /* slotBaseGood@2x.png */,
				89CF59EB2ABF975B0068048B /* ballPurple@2x.png */,
				89CF59EC2ABF975B0068048B /* slotBaseBad.png */,
				89CF59ED2ABF975B0068048B /* slotBaseBad@2x.png */,
				89CF59EE2ABF975B0068048B /* ballGrey@2x.png */,
				89CF59EF2ABF975B0068048B /* spark.png */,
				89CF59F02ABF975B0068048B /* bouncer@2x.png */,
				89CF59F12ABF975B0068048B /* slotGlowGood.png */,
				89CF59F22ABF975B0068048B /* slotGlowGood@2x.png */,
				89CF59F32ABF975B0068048B /* slotBaseGood.png */,
				89CF59F42ABF975B0068048B /* background.jpg */,
				89CF59F52ABF975B0068048B /* ballCyan.png */,
				89CF59F62ABF975B0068048B /* ballRed@2x.png */,
				89CF59F72ABF975B0068048B /* slotGlowBad.png */,
				89CF59F82ABF975B0068048B /* ballCyan@2x.png */,
				89CF59F92ABF975B0068048B /* ballYellow.png */,
				89CF59FA2ABF975B0068048B /* background@2x.jpg */,
				89CF59FB2ABF975B0068048B /* ballGreen@2x.png */,
				89CF59FC2ABF975B0068048B /* ballGreen.png */,
				89CF59FD2ABF975B0068048B /* bouncer.png */,
				89CF59FE2ABF975B0068048B /* ballBlue.png */,
			);
			path = Resources;
			sourceTree = "<group>";
		};
/* End PBXGroup section */

/* Begin PBXNativeTarget section */
		89CF59C72ABF942C0068048B /* Pachinko */ = {
			isa = PBXNativeTarget;
			buildConfigurationList = 89CF59DF2ABF942E0068048B /* Build configuration list for PBXNativeTarget "Pachinko" */;
			buildPhases = (
				89CF59C42ABF942C0068048B /* Sources */,
				89CF59C52ABF942C0068048B /* Frameworks */,
				89CF59C62ABF942C0068048B /* Resources */,
			);
			buildRules = (
			);
			dependencies = (
			);
			name = Pachinko;
			productName = Pachinko;
			productReference = 89CF59C82ABF942C0068048B /* Pachinko.app */;
			productType = "com.apple.product-type.application";
		};
/* End PBXNativeTarget section */

/* Begin PBXProject section */
		89CF59C02ABF942C0068048B /* Project object */ = {
			isa = PBXProject;
			attributes = {
				BuildIndependentTargetsInParallel = 1;
				LastSwiftUpdateCheck = 1500;
				LastUpgradeCheck = 1500;
				TargetAttributes = {
					89CF59C72ABF942C0068048B = {
						CreatedOnToolsVersion = 15.0;
					};
				};
			};
			buildConfigurationList = 89CF59C32ABF942C0068048B /* Build configuration list for PBXProject "Pachinko" */;
			compatibilityVersion = "Xcode 14.0";
			developmentRegion = en;
			hasScannedForEncodings = 0;
			knownRegions = (
				en,
				Base,
			);
			mainGroup = 89CF59BF2ABF942C0068048B;
			productRefGroup = 89CF59C92ABF942C0068048B /* Products */;
			projectDirPath = "";
			projectRoot = "";
			targets = (
				89CF59C72ABF942C0068048B /* Pachinko */,
			);
		};
/* End PBXProject section */

/* Begin PBXResourcesBuildPhase section */
		89CF59C62ABF942C0068048B /* Resources */ = {
			isa = PBXResourcesBuildPhase;
			buildActionMask = 2147483647;
			files = (
				89CF5A0E2ABF975B0068048B /* slotGlowGood@2x.png in Resources */,
				89CF5A132ABF975B0068048B /* slotGlowBad.png in Resources */,
				89CF5A1A2ABF975B0068048B /* ballBlue.png in Resources */,
				89CF5A122ABF975B0068048B /* ballRed@2x.png in Resources */,
				89CF5A012ABF975B0068048B /* ballBlue@2x.png in Resources */,
				89CF5A192ABF975B0068048B /* bouncer.png in Resources */,
				89CF5A022ABF975B0068048B /* slotGlowBad@2x.png in Resources */,
				89CF59D72ABF942C0068048B /* Main.storyboard in Resources */,
				89CF5A072ABF975B0068048B /* ballPurple@2x.png in Resources */,
				89CF5A052ABF975B0068048B /* ballRed.png in Resources */,
				89CF5A092ABF975B0068048B /* slotBaseBad@2x.png in Resources */,
				89CF5A152ABF975B0068048B /* ballYellow.png in Resources */,
				89CF5A182ABF975B0068048B /* ballGreen.png in Resources */,
				89CF5A162ABF975B0068048B /* background@2x.jpg in Resources */,
				89CF59FF2ABF975B0068048B /* ballGrey.png in Resources */,
				89CF5A172ABF975B0068048B /* ballGreen@2x.png in Resources */,
				89CF5A032ABF975B0068048B /* ballPurple.png in Resources */,
				89CF5A102ABF975B0068048B /* background.jpg in Resources */,
				89CF5A0D2ABF975B0068048B /* slotGlowGood.png in Resources */,
				89CF5A042ABF975B0068048B /* ballYellow@2x.png in Resources */,
				89CF5A142ABF975B0068048B /* ballCyan@2x.png in Resources */,
				89CF5A0C2ABF975B0068048B /* bouncer@2x.png in Resources */,
				89CF5A082ABF975B0068048B /* slotBaseBad.png in Resources */,
				89CF59CE2ABF942C0068048B /* GameScene.sks in Resources */,
				89CF5A112ABF975B0068048B /* ballCyan.png in Resources */,
				89CF5A002ABF975B0068048B /* FireParticles.sks in Resources */,
				89CF59D92ABF942E0068048B /* Assets.xcassets in Resources */,
				89CF5A062ABF975B0068048B /* slotBaseGood@2x.png in Resources */,
				89CF5A0A2ABF975B0068048B /* ballGrey@2x.png in Resources */,
				89CF59DC2ABF942E0068048B /* LaunchScreen.storyboard in Resources */,
				89CF5A0B2ABF975B0068048B /* spark.png in Resources */,
				89CF5A0F2ABF975B0068048B /* slotBaseGood.png in Resources */,
			);
			runOnlyForDeploymentPostprocessing = 0;
		};
/* End PBXResourcesBuildPhase section */

/* Begin PBXSourcesBuildPhase section */
		89CF59C42ABF942C0068048B /* Sources */ = {
			isa = PBXSourcesBuildPhase;
			buildActionMask = 2147483647;
			files = (
				89CF59D22ABF942C0068048B /* GameScene.swift in Sources */,
				89CF59D42ABF942C0068048B /* GameViewController.swift in Sources */,
				89CF59CC2ABF942C0068048B /* AppDelegate.swift in Sources */,
			);
			runOnlyForDeploymentPostprocessing = 0;
		};
/* End PBXSourcesBuildPhase section */

/* Begin PBXVariantGroup section */
		89CF59D52ABF942C0068048B /* Main.storyboard */ = {
			isa = PBXVariantGroup;
			children = (
				89CF59D62ABF942C0068048B /* Base */,
			);
			name = Main.storyboard;
			sourceTree = "<group>";
		};
		89CF59DA2ABF942E0068048B /* LaunchScreen.storyboard */ = {
			isa = PBXVariantGroup;
			children = (
				89CF59DB2ABF942E0068048B /* Base */,
			);
			name = LaunchScreen.storyboard;
			sourceTree = "<group>";
		};
/* End PBXVariantGroup section */

/* Begin XCBuildConfiguration section */
		89CF59DD2ABF942E0068048B /* Debug */ = {
			isa = XCBuildConfiguration;
			buildSettings = {
				ALWAYS_SEARCH_USER_PATHS = NO;
				ASSETCATALOG_COMPILER_GENERATE_SWIFT_ASSET_SYMBOL_EXTENSIONS = YES;
				CLANG_ANALYZER_NONNULL = YES;
				CLANG_ANALYZER_NUMBER_OBJECT_CONVERSION = YES_AGGRESSIVE;
				CLANG_CXX_LANGUAGE_STANDARD = "gnu++20";
				CLANG_ENABLE_MODULES = YES;
				CLANG_ENABLE_OBJC_ARC = YES;
				CLANG_ENABLE_OBJC_WEAK = YES;
				CLANG_WARN_BLOCK_CAPTURE_AUTORELEASING = YES;
				CLANG_WARN_BOOL_CONVERSION = YES;
				CLANG_WARN_COMMA = YES;
				CLANG_WARN_CONSTANT_CONVERSION = YES;
				CLANG_WARN_DEPRECATED_OBJC_IMPLEMENTATIONS = YES;
				CLANG_WARN_DIRECT_OBJC_ISA_USAGE = YES_ERROR;
				CLANG_WARN_DOCUMENTATION_COMMENTS = YES;
				CLANG_WARN_EMPTY_BODY = YES;
				CLANG_WARN_ENUM_CONVERSION = YES;
				CLANG_WARN_INFINITE_RECURSION = YES;
				CLANG_WARN_INT_CONVERSION = YES;
				CLANG_WARN_NON_LITERAL_NULL_CONVERSION = YES;
				CLANG_WARN_OBJC_IMPLICIT_RETAIN_SELF = YES;
				CLANG_WARN_OBJC_LITERAL_CONVERSION = YES;
				CLANG_WARN_OBJC_ROOT_CLASS = YES_ERROR;
				CLANG_WARN_QUOTED_INCLUDE_IN_FRAMEWORK_HEADER = YES;
				CLANG_WARN_RANGE_LOOP_ANALYSIS = YES;
				CLANG_WARN_STRICT_PROTOTYPES = YES;
				CLANG_WARN_SUSPICIOUS_MOVE = YES;
				CLANG_WARN_UNGUARDED_AVAILABILITY = YES_AGGRESSIVE;
				CLANG_WARN_UNREACHABLE_CODE = YES;
				CLANG_WARN__DUPLICATE_METHOD_MATCH = YES;
				COPY_PHASE_STRIP = NO;
				DEBUG_INFORMATION_FORMAT = dwarf;
				ENABLE_STRICT_OBJC_MSGSEND = YES;
				ENABLE_TESTABILITY = YES;
				ENABLE_USER_SCRIPT_SANDBOXING = YES;
				GCC_C_LANGUAGE_STANDARD = gnu17;
				GCC_DYNAMIC_NO_PIC = NO;
				GCC_NO_COMMON_BLOCKS = YES;
				GCC_OPTIMIZATION_LEVEL = 0;
				GCC_PREPROCESSOR_DEFINITIONS = (
					"DEBUG=1",
					"$(inherited)",
				);
				GCC_WARN_64_TO_32_BIT_CONVERSION = YES;
				GCC_WARN_ABOUT_RETURN_TYPE = YES_ERROR;
				GCC_WARN_UNDECLARED_SELECTOR = YES;
				GCC_WARN_UNINITIALIZED_AUTOS = YES_AGGRESSIVE;
				GCC_WARN_UNUSED_FUNCTION = YES;
				GCC_WARN_UNUSED_VARIABLE = YES;
				IPHONEOS_DEPLOYMENT_TARGET = 17.0;
				LOCALIZATION_PREFERS_STRING_CATALOGS = YES;
				MTL_ENABLE_DEBUG_INFO = INCLUDE_SOURCE;
				MTL_FAST_MATH = YES;
				ONLY_ACTIVE_ARCH = YES;
				SDKROOT = iphoneos;
				SWIFT_ACTIVE_COMPILATION_CONDITIONS = "DEBUG $(inherited)";
				SWIFT_OPTIMIZATION_LEVEL = "-Onone";
			};
			name = Debug;
		};
		89CF59DE2ABF942E0068048B /* Release */ = {
			isa = XCBuildConfiguration;
			buildSettings = {
				ALWAYS_SEARCH_USER_PATHS = NO;
				ASSETCATALOG_COMPILER_GENERATE_SWIFT_ASSET_SYMBOL_EXTENSIONS = YES;
				CLANG_ANALYZER_NONNULL = YES;
				CLANG_ANALYZER_NUMBER_OBJECT_CONVERSION = YES_AGGRESSIVE;
				CLANG_CXX_LANGUAGE_STANDARD = "gnu++20";
				CLANG_ENABLE_MODULES = YES;
				CLANG_ENABLE_OBJC_ARC = YES;
				CLANG_ENABLE_OBJC_WEAK = YES;
				CLANG_WARN_BLOCK_CAPTURE_AUTORELEASING = YES;
				CLANG_WARN_BOOL_CONVERSION = YES;
				CLANG_WARN_COMMA = YES;
				CLANG_WARN_CONSTANT_CONVERSION = YES;
				CLANG_WARN_DEPRECATED_OBJC_IMPLEMENTATIONS = YES;
				CLANG_WARN_DIRECT_OBJC_ISA_USAGE = YES_ERROR;
				CLANG_WARN_DOCUMENTATION_COMMENTS = YES;
				CLANG_WARN_EMPTY_BODY = YES;
				CLANG_WARN_ENUM_CONVERSION = YES;
				CLANG_WARN_INFINITE_RECURSION = YES;
				CLANG_WARN_INT_CONVERSION = YES;
				CLANG_WARN_NON_LITERAL_NULL_CONVERSION = YES;
				CLANG_WARN_OBJC_IMPLICIT_RETAIN_SELF = YES;
				CLANG_WARN_OBJC_LITERAL_CONVERSION = YES;
				CLANG_WARN_OBJC_ROOT_CLASS = YES_ERROR;
				CLANG_WARN_QUOTED_INCLUDE_IN_FRAMEWORK_HEADER = YES;
				CLANG_WARN_RANGE_LOOP_ANALYSIS = YES;
				CLANG_WARN_STRICT_PROTOTYPES = YES;
				CLANG_WARN_SUSPICIOUS_MOVE = YES;
				CLANG_WARN_UNGUARDED_AVAILABILITY = YES_AGGRESSIVE;
				CLANG_WARN_UNREACHABLE_CODE = YES;
				CLANG_WARN__DUPLICATE_METHOD_MATCH = YES;
				COPY_PHASE_STRIP = NO;
				DEBUG_INFORMATION_FORMAT = "dwarf-with-dsym";
				ENABLE_NS_ASSERTIONS = NO;
				ENABLE_STRICT_OBJC_MSGSEND = YES;
				ENABLE_USER_SCRIPT_SANDBOXING = YES;
				GCC_C_LANGUAGE_STANDARD = gnu17;
				GCC_NO_COMMON_BLOCKS = YES;
				GCC_WARN_64_TO_32_BIT_CONVERSION = YES;
				GCC_WARN_ABOUT_RETURN_TYPE = YES_ERROR;
				GCC_WARN_UNDECLARED_SELECTOR = YES;
				GCC_WARN_UNINITIALIZED_AUTOS = YES_AGGRESSIVE;
				GCC_WARN_UNUSED_FUNCTION = YES;
				GCC_WARN_UNUSED_VARIABLE = YES;
				IPHONEOS_DEPLOYMENT_TARGET = 17.0;
				LOCALIZATION_PREFERS_STRING_CATALOGS = YES;
				MTL_ENABLE_DEBUG_INFO = NO;
				MTL_FAST_MATH = YES;
				SDKROOT = iphoneos;
				SWIFT_COMPILATION_MODE = wholemodule;
				VALIDATE_PRODUCT = YES;
			};
			name = Release;
		};
		89CF59E02ABF942E0068048B /* Debug */ = {
			isa = XCBuildConfiguration;
			buildSettings = {
				ASSETCATALOG_COMPILER_APPICON_NAME = AppIcon;
				ASSETCATALOG_COMPILER_GLOBAL_ACCENT_COLOR_NAME = AccentColor;
				CODE_SIGN_STYLE = Automatic;
				CURRENT_PROJECT_VERSION = 1;
				GENERATE_INFOPLIST_FILE = YES;
				INFOPLIST_KEY_UIApplicationSupportsIndirectInputEvents = YES;
				INFOPLIST_KEY_UILaunchStoryboardName = LaunchScreen;
				INFOPLIST_KEY_UIMainStoryboardFile = Main;
				INFOPLIST_KEY_UIStatusBarHidden = YES;
				INFOPLIST_KEY_UISupportedInterfaceOrientations = "UIInterfaceOrientationLandscapeLeft UIInterfaceOrientationLandscapeRight UIInterfaceOrientationPortrait";
				INFOPLIST_KEY_UISupportedInterfaceOrientations_iPad = "UIInterfaceOrientationLandscapeLeft UIInterfaceOrientationLandscapeRight";
				LD_RUNPATH_SEARCH_PATHS = (
					"$(inherited)",
					"@executable_path/Frameworks",
				);
				MARKETING_VERSION = 1.0;
				PRODUCT_BUNDLE_IDENTIFIER = com.mhelmeck.Pachinko;
				PRODUCT_NAME = "$(TARGET_NAME)";
				SUPPORTED_PLATFORMS = "iphoneos iphonesimulator";
				SUPPORTS_MACCATALYST = NO;
				SUPPORTS_MAC_DESIGNED_FOR_IPHONE_IPAD = NO;
				SWIFT_EMIT_LOC_STRINGS = YES;
				SWIFT_VERSION = 5.0;
				TARGETED_DEVICE_FAMILY = 2;
			};
			name = Debug;
		};
		89CF59E12ABF942E0068048B /* Release */ = {
			isa = XCBuildConfiguration;
			buildSettings = {
				ASSETCATALOG_COMPILER_APPICON_NAME = AppIcon;
				ASSETCATALOG_COMPILER_GLOBAL_ACCENT_COLOR_NAME = AccentColor;
				CODE_SIGN_STYLE = Automatic;
				CURRENT_PROJECT_VERSION = 1;
				GENERATE_INFOPLIST_FILE = YES;
				INFOPLIST_KEY_UIApplicationSupportsIndirectInputEvents = YES;
				INFOPLIST_KEY_UILaunchStoryboardName = LaunchScreen;
				INFOPLIST_KEY_UIMainStoryboardFile = Main;
				INFOPLIST_KEY_UIStatusBarHidden = YES;
				INFOPLIST_KEY_UISupportedInterfaceOrientations = "UIInterfaceOrientationLandscapeLeft UIInterfaceOrientationLandscapeRight UIInterfaceOrientationPortrait";
				INFOPLIST_KEY_UISupportedInterfaceOrientations_iPad = "UIInterfaceOrientationLandscapeLeft UIInterfaceOrientationLandscapeRight";
				LD_RUNPATH_SEARCH_PATHS = (
					"$(inherited)",
					"@executable_path/Frameworks",
				);
				MARKETING_VERSION = 1.0;
				PRODUCT_BUNDLE_IDENTIFIER = com.mhelmeck.Pachinko;
				PRODUCT_NAME = "$(TARGET_NAME)";
				SUPPORTED_PLATFORMS = "iphoneos iphonesimulator";
				SUPPORTS_MACCATALYST = NO;
				SUPPORTS_MAC_DESIGNED_FOR_IPHONE_IPAD = NO;
				SWIFT_EMIT_LOC_STRINGS = YES;
				SWIFT_VERSION = 5.0;
				TARGETED_DEVICE_FAMILY = 2;
			};
			name = Release;
		};
/* End XCBuildConfiguration section */

/* Begin XCConfigurationList section */
		89CF59C32ABF942C0068048B /* Build configuration list for PBXProject "Pachinko" */ = {
			isa = XCConfigurationList;
			buildConfigurations = (
				89CF59DD2ABF942E0068048B /* Debug */,
				89CF59DE2ABF942E0068048B /* Release */,
			);
			defaultConfigurationIsVisible = 0;
			defaultConfigurationName = Release;
		};
		89CF59DF2ABF942E0068048B /* Build configuration list for PBXNativeTarget "Pachinko" */ = {
			isa = XCConfigurationList;
			buildConfigurations = (
				89CF59E02ABF942E0068048B /* Debug */,
				89CF59E12ABF942E0068048B /* Release */,
			);
			defaultConfigurationIsVisible = 0;
			defaultConfigurationName = Release;
		};
/* End XCConfigurationList section */
	};
	rootObject = 89CF59C02ABF942C0068048B /* Project object */;
}
